
Microsoft Visual Studio Solution File, Format Version 12.00
# Visual Studio Version 17
VisualStudioVersion = 17.4.33110.190
MinimumVisualStudioVersion = 10.0.40219.1
Project("{FAE04EC0-301F-11D3-BF4B-00C04F79EFBC}") = "Selenium", "Selenium\Selenium.csproj", "{B0A78FCE-9558-4ACA-91FC-659ED468E8EF}"
EndProject
Global
	GlobalSection(SolutionConfigurationPlatforms) = preSolution
		Debug|Any CPU = Debug|Any CPU
		Release|Any CPU = Release|Any CPU
	EndGlobalSection
	GlobalSection(ProjectConfigurationPlatforms) = postSolution
		{B0A78FCE-9558-4ACA-91FC-659ED468E8EF}.Debug|Any CPU.ActiveCfg = Debug|Any CPU
		{B0A78FCE-9558-4ACA-91FC-659ED468E8EF}.Debug|Any CPU.Build.0 = Debug|Any CPU
		{B0A78FCE-9558-4ACA-91FC-659ED468E8EF}.Release|Any CPU.ActiveCfg = Release|Any CPU
		{B0A78FCE-9558-4ACA-91FC-659ED468E8EF}.Release|Any CPU.Build.0 = Release|Any CPU
	EndGlobalSection
	GlobalSection(SolutionProperties) = preSolution
		HideSolutionNode = FALSE
	EndGlobalSection
	GlobalSection(ExtensibilityGlobals) = postSolution
		SolutionGuid = {38A5FD4D-3C6D-4B76-9185-9BF18D520590}
	EndGlobalSection
EndGlobal
